
Microsoft Visual Studio Solution File, Format Version 12.00
# Visual Studio 15
VisualStudioVersion = 15.0.27130.2027
MinimumVisualStudioVersion = 10.0.40219.1
Project("{FAE04EC0-301F-11D3-BF4B-00C04F79EFBC}") = "toddt_weather_forecast", "toddt_weather_forecast\toddt_weather_forecast.csproj", "{63CF9FD7-6EC3-48F8-93F2-7A24AA6A237B}"
EndProject
Project("{FAE04EC0-301F-11D3-BF4B-00C04F79EFBC}") = "toddt_weather_forecast.Tests", "toddt_weather_forecast.Tests\toddt_weather_forecast.Tests.csproj", "{C8860DD3-F7BA-4D77-B6E2-BF3A68385B36}"
EndProject
Global
	GlobalSection(SolutionConfigurationPlatforms) = preSolution
		Debug|Any CPU = Debug|Any CPU
		Release|Any CPU = Release|Any CPU
	EndGlobalSection
	GlobalSection(ProjectConfigurationPlatforms) = postSolution
		{63CF9FD7-6EC3-48F8-93F2-7A24AA6A237B}.Debug|Any CPU.ActiveCfg = Debug|Any CPU
		{63CF9FD7-6EC3-48F8-93F2-7A24AA6A237B}.Debug|Any CPU.Build.0 = Debug|Any CPU
		{63CF9FD7-6EC3-48F8-93F2-7A24AA6A237B}.Release|Any CPU.ActiveCfg = Release|Any CPU
		{63CF9FD7-6EC3-48F8-93F2-7A24AA6A237B}.Release|Any CPU.Build.0 = Release|Any CPU
		{C8860DD3-F7BA-4D77-B6E2-BF3A68385B36}.Debug|Any CPU.ActiveCfg = Debug|Any CPU
		{C8860DD3-F7BA-4D77-B6E2-BF3A68385B36}.Debug|Any CPU.Build.0 = Debug|Any CPU
		{C8860DD3-F7BA-4D77-B6E2-BF3A68385B36}.Release|Any CPU.ActiveCfg = Release|Any CPU
		{C8860DD3-F7BA-4D77-B6E2-BF3A68385B36}.Release|Any CPU.Build.0 = Release|Any CPU
	EndGlobalSection
	GlobalSection(SolutionProperties) = preSolution
		HideSolutionNode = FALSE
	EndGlobalSection
	GlobalSection(ExtensibilityGlobals) = postSolution
		SolutionGuid = {9D26B700-8BC2-4E8F-969D-3FFC94BA4A03}
	EndGlobalSection
EndGlobal
